
Microsoft Visual Studio Solution File, Format Version 12.00
# Visual Studio Version 16
VisualStudioVersion = 16.0.29424.173
MinimumVisualStudioVersion = 10.0.40219.1
Project("{FAE04EC0-301F-11D3-BF4B-00C04F79EFBC}") = "BugTrack", "BugTrack\BugTrack.csproj", "{B369C2DC-D64D-4BDA-979D-BE02D099FE1C}"
EndProject
Project("{FAE04EC0-301F-11D3-BF4B-00C04F79EFBC}") = "BugTrack.Tests", "BugTrack.Tests\BugTrack.Tests.csproj", "{17BBA8B4-B281-403C-9895-8A49318944C8}"
EndProject
Global
	GlobalSection(SolutionConfigurationPlatforms) = preSolution
		Debug|Any CPU = Debug|Any CPU
		Release|Any CPU = Release|Any CPU
	EndGlobalSection
	GlobalSection(ProjectConfigurationPlatforms) = postSolution
		{B369C2DC-D64D-4BDA-979D-BE02D099FE1C}.Debug|Any CPU.ActiveCfg = Debug|Any CPU
		{B369C2DC-D64D-4BDA-979D-BE02D099FE1C}.Debug|Any CPU.Build.0 = Debug|Any CPU
		{B369C2DC-D64D-4BDA-979D-BE02D099FE1C}.Release|Any CPU.ActiveCfg = Release|Any CPU
		{B369C2DC-D64D-4BDA-979D-BE02D099FE1C}.Release|Any CPU.Build.0 = Release|Any CPU
		{17BBA8B4-B281-403C-9895-8A49318944C8}.Debug|Any CPU.ActiveCfg = Debug|Any CPU
		{17BBA8B4-B281-403C-9895-8A49318944C8}.Debug|Any CPU.Build.0 = Debug|Any CPU
		{17BBA8B4-B281-403C-9895-8A49318944C8}.Release|Any CPU.ActiveCfg = Release|Any CPU
		{17BBA8B4-B281-403C-9895-8A49318944C8}.Release|Any CPU.Build.0 = Release|Any CPU
	EndGlobalSection
	GlobalSection(SolutionProperties) = preSolution
		HideSolutionNode = FALSE
	EndGlobalSection
	GlobalSection(ExtensibilityGlobals) = postSolution
		SolutionGuid = {1F3A1AB1-B1DC-444D-8142-C004A20B424F}
	EndGlobalSection
EndGlobal
